
Microsoft Visual Studio Solution File, Format Version 12.00
# Visual Studio Version 16
VisualStudioVersion = 16.0.31624.102
MinimumVisualStudioVersion = 10.0.40219.1
Project("{FAE04EC0-301F-11D3-BF4B-00C04F79EFBC}") = "WPFNameApp", "WPFNameApp\WPFNameApp.csproj", "{AE049FD0-AEE9-4EF0-B7DB-EE90EB661561}"
EndProject
Project("{FAE04EC0-301F-11D3-BF4B-00C04F79EFBC}") = "TextManipLibrary", "TextManipLibrary\TextManipLibrary.csproj", "{F36541CA-8D47-442F-980B-3883CF76869A}"
EndProject
Global
	GlobalSection(SolutionConfigurationPlatforms) = preSolution
		Debug|Any CPU = Debug|Any CPU
		Release|Any CPU = Release|Any CPU
	EndGlobalSection
	GlobalSection(ProjectConfigurationPlatforms) = postSolution
		{AE049FD0-AEE9-4EF0-B7DB-EE90EB661561}.Debug|Any CPU.ActiveCfg = Debug|Any CPU
		{AE049FD0-AEE9-4EF0-B7DB-EE90EB661561}.Debug|Any CPU.Build.0 = Debug|Any CPU
		{AE049FD0-AEE9-4EF0-B7DB-EE90EB661561}.Release|Any CPU.ActiveCfg = Release|Any CPU
		{AE049FD0-AEE9-4EF0-B7DB-EE90EB661561}.Release|Any CPU.Build.0 = Release|Any CPU
		{F36541CA-8D47-442F-980B-3883CF76869A}.Debug|Any CPU.ActiveCfg = Debug|Any CPU
		{F36541CA-8D47-442F-980B-3883CF76869A}.Debug|Any CPU.Build.0 = Debug|Any CPU
		{F36541CA-8D47-442F-980B-3883CF76869A}.Release|Any CPU.ActiveCfg = Release|Any CPU
		{F36541CA-8D47-442F-980B-3883CF76869A}.Release|Any CPU.Build.0 = Release|Any CPU
	EndGlobalSection
	GlobalSection(SolutionProperties) = preSolution
		HideSolutionNode = FALSE
	EndGlobalSection
	GlobalSection(ExtensibilityGlobals) = postSolution
		SolutionGuid = {4FDF0E45-FA28-4557-99EE-05DECF56FD0A}
	EndGlobalSection
EndGlobal
